// !$*UTF8*$!
{
	archiveVersion = 1;
	classes = {
	};
	objectVersion = 53;
	objects = {

/* Begin PBXBuildFile section */
		3866101825092F0B000849F3 /* AppDelegate.swift in Sources */ = {isa = PBXBuildFile; fileRef = 3866101725092F0B000849F3 /* AppDelegate.swift */; };
		3866101A25092F0B000849F3 /* SceneDelegate.swift in Sources */ = {isa = PBXBuildFile; fileRef = 3866101925092F0B000849F3 /* SceneDelegate.swift */; };
		3866101C25092F0B000849F3 /* ViewController.swift in Sources */ = {isa = PBXBuildFile; fileRef = 3866101B25092F0B000849F3 /* ViewController.swift */; };
		3866101F25092F0B000849F3 /* Main.storyboard in Resources */ = {isa = PBXBuildFile; fileRef = 3866101D25092F0B000849F3 /* Main.storyboard */; };
		3866102225092F0B000849F3 /* Randog.xcdatamodeld in Sources */ = {isa = PBXBuildFile; fileRef = 3866102025092F0B000849F3 /* Randog.xcdatamodeld */; };
		3866102425092F0D000849F3 /* Assets.xcassets in Resources */ = {isa = PBXBuildFile; fileRef = 3866102325092F0D000849F3 /* Assets.xcassets */; };
		3866102725092F0D000849F3 /* LaunchScreen.storyboard in Resources */ = {isa = PBXBuildFile; fileRef = 3866102525092F0D000849F3 /* LaunchScreen.storyboard */; };
		3866103225092F0D000849F3 /* RandogTests.swift in Sources */ = {isa = PBXBuildFile; fileRef = 3866103125092F0D000849F3 /* RandogTests.swift */; };
		3866103D25092F0D000849F3 /* RandogUITests.swift in Sources */ = {isa = PBXBuildFile; fileRef = 3866103C25092F0D000849F3 /* RandogUITests.swift */; };
		3866104E25093008000849F3 /* DogAPI.swift in Sources */ = {isa = PBXBuildFile; fileRef = 3866104D25093008000849F3 /* DogAPI.swift */; };
		3866105025095CD9000849F3 /* DogImage.swift in Sources */ = {isa = PBXBuildFile; fileRef = 3866104F25095CD9000849F3 /* DogImage.swift */; };
		38661052250AA193000849F3 /* BreedsListResponse.swift in Sources */ = {isa = PBXBuildFile; fileRef = 38661051250AA193000849F3 /* BreedsListResponse.swift */; };
/* End PBXBuildFile section */

/* Begin PBXContainerItemProxy section */
		3866102E25092F0D000849F3 /* PBXContainerItemProxy */ = {
			isa = PBXContainerItemProxy;
			containerPortal = 3866100C25092F0A000849F3 /* Project object */;
			proxyType = 1;
			remoteGlobalIDString = 3866101325092F0A000849F3;
			remoteInfo = Randog;
		};
		3866103925092F0D000849F3 /* PBXContainerItemProxy */ = {
			isa = PBXContainerItemProxy;
			containerPortal = 3866100C25092F0A000849F3 /* Project object */;
			proxyType = 1;
			remoteGlobalIDString = 3866101325092F0A000849F3;
			remoteInfo = Randog;
		};
/* End PBXContainerItemProxy section */

/* Begin PBXFileReference section */
		3866101425092F0B000849F3 /* Randog.app */ = {isa = PBXFileReference; explicitFileType = wrapper.application; includeInIndex = 0; path = Randog.app; sourceTree = BUILT_PRODUCTS_DIR; };
		3866101725092F0B000849F3 /* AppDelegate.swift */ = {isa = PBXFileReference; lastKnownFileType = sourcecode.swift; path = AppDelegate.swift; sourceTree = "<group>"; };
		3866101925092F0B000849F3 /* SceneDelegate.swift */ = {isa = PBXFileReference; lastKnownFileType = sourcecode.swift; path = SceneDelegate.swift; sourceTree = "<group>"; };
		3866101B25092F0B000849F3 /* ViewController.swift */ = {isa = PBXFileReference; lastKnownFileType = sourcecode.swift; path = ViewController.swift; sourceTree = "<group>"; };
		3866101E25092F0B000849F3 /* Base */ = {isa = PBXFileReference; lastKnownFileType = file.storyboard; name = Base; path = Base.lproj/Main.storyboard; sourceTree = "<group>"; };
		3866102125092F0B000849F3 /* Randog.xcdatamodel */ = {isa = PBXFileReference; lastKnownFileType = wrapper.xcdatamodel; path = Randog.xcdatamodel; sourceTree = "<group>"; };
		3866102325092F0D000849F3 /* Assets.xcassets */ = {isa = PBXFileReference; lastKnownFileType = folder.assetcatalog; path = Assets.xcassets; sourceTree = "<group>"; };
		3866102625092F0D000849F3 /* Base */ = {isa = PBXFileReference; lastKnownFileType = file.storyboard; name = Base; path = Base.lproj/LaunchScreen.storyboard; sourceTree = "<group>"; };
		3866102825092F0D000849F3 /* Info.plist */ = {isa = PBXFileReference; lastKnownFileType = text.plist.xml; path = Info.plist; sourceTree = "<group>"; };
		3866102D25092F0D000849F3 /* RandogTests.xctest */ = {isa = PBXFileReference; explicitFileType = wrapper.cfbundle; includeInIndex = 0; path = RandogTests.xctest; sourceTree = BUILT_PRODUCTS_DIR; };
		3866103125092F0D000849F3 /* RandogTests.swift */ = {isa = PBXFileReference; lastKnownFileType = sourcecode.swift; path = RandogTests.swift; sourceTree = "<group>"; };
		3866103325092F0D000849F3 /* Info.plist */ = {isa = PBXFileReference; lastKnownFileType = text.plist.xml; path = Info.plist; sourceTree = "<group>"; };
		3866103825092F0D000849F3 /* RandogUITests.xctest */ = {isa = PBXFileReference; explicitFileType = wrapper.cfbundle; includeInIndex = 0; path = RandogUITests.xctest; sourceTree = BUILT_PRODUCTS_DIR; };
		3866103C25092F0D000849F3 /* RandogUITests.swift */ = {isa = PBXFileReference; lastKnownFileType = sourcecode.swift; path = RandogUITests.swift; sourceTree = "<group>"; };
		3866103E25092F0D000849F3 /* Info.plist */ = {isa = PBXFileReference; lastKnownFileType = text.plist.xml; path = Info.plist; sourceTree = "<group>"; };
		3866104D25093008000849F3 /* DogAPI.swift */ = {isa = PBXFileReference; lastKnownFileType = sourcecode.swift; path = DogAPI.swift; sourceTree = "<group>"; };
		3866104F25095CD9000849F3 /* DogImage.swift */ = {isa = PBXFileReference; lastKnownFileType = sourcecode.swift; path = DogImage.swift; sourceTree = "<group>"; };
		38661051250AA193000849F3 /* BreedsListResponse.swift */ = {isa = PBXFileReference; lastKnownFileType = sourcecode.swift; path = BreedsListResponse.swift; sourceTree = "<group>"; };
/* End PBXFileReference section */

/* Begin PBXFrameworksBuildPhase section */
		3866101125092F0A000849F3 /* Frameworks */ = {
			isa = PBXFrameworksBuildPhase;
			buildActionMask = 2147483647;
			files = (
			);
			runOnlyForDeploymentPostprocessing = 0;
		};
		3866102A25092F0D000849F3 /* Frameworks */ = {
			isa = PBXFrameworksBuildPhase;
			buildActionMask = 2147483647;
			files = (
			);
			runOnlyForDeploymentPostprocessing = 0;
		};
		3866103525092F0D000849F3 /* Frameworks */ = {
			isa = PBXFrameworksBuildPhase;
			buildActionMask = 2147483647;
			files = (
			);
			runOnlyForDeploymentPostprocessing = 0;
		};
/* End PBXFrameworksBuildPhase section */

/* Begin PBXGroup section */
		3866100B25092F0A000849F3 = {
			isa = PBXGroup;
			children = (
				3866101625092F0B000849F3 /* Randog */,
				3866103025092F0D000849F3 /* RandogTests */,
				3866103B25092F0D000849F3 /* RandogUITests */,
				3866101525092F0B000849F3 /* Products */,
			);
			sourceTree = "<group>";
		};
		3866101525092F0B000849F3 /* Products */ = {
			isa = PBXGroup;
			children = (
				3866101425092F0B000849F3 /* Randog.app */,
				3866102D25092F0D000849F3 /* RandogTests.xctest */,
				3866103825092F0D000849F3 /* RandogUITests.xctest */,
			);
			name = Products;
			sourceTree = "<group>";
		};
		3866101625092F0B000849F3 /* Randog */ = {
			isa = PBXGroup;
			children = (
				3866104C25092FF7000849F3 /* Model */,
				3866104B25092F3F000849F3 /* Controller */,
				3866104A25092F2C000849F3 /* View */,
				3866102825092F0D000849F3 /* Info.plist */,
				3866102025092F0B000849F3 /* Randog.xcdatamodeld */,
			);
			path = Randog;
			sourceTree = "<group>";
		};
		3866103025092F0D000849F3 /* RandogTests */ = {
			isa = PBXGroup;
			children = (
				3866103125092F0D000849F3 /* RandogTests.swift */,
				3866103325092F0D000849F3 /* Info.plist */,
			);
			path = RandogTests;
			sourceTree = "<group>";
		};
		3866103B25092F0D000849F3 /* RandogUITests */ = {
			isa = PBXGroup;
			children = (
				3866103C25092F0D000849F3 /* RandogUITests.swift */,
				3866103E25092F0D000849F3 /* Info.plist */,
			);
			path = RandogUITests;
			sourceTree = "<group>";
		};
		3866104A25092F2C000849F3 /* View */ = {
			isa = PBXGroup;
			children = (
				3866101D25092F0B000849F3 /* Main.storyboard */,
				3866102325092F0D000849F3 /* Assets.xcassets */,
				3866102525092F0D000849F3 /* LaunchScreen.storyboard */,
			);
			path = View;
			sourceTree = "<group>";
		};
		3866104B25092F3F000849F3 /* Controller */ = {
			isa = PBXGroup;
			children = (
				3866101725092F0B000849F3 /* AppDelegate.swift */,
				3866101925092F0B000849F3 /* SceneDelegate.swift */,
				3866101B25092F0B000849F3 /* ViewController.swift */,
			);
			path = Controller;
			sourceTree = "<group>";
		};
		3866104C25092FF7000849F3 /* Model */ = {
			isa = PBXGroup;
			children = (
				3866104D25093008000849F3 /* DogAPI.swift */,
				3866104F25095CD9000849F3 /* DogImage.swift */,
				38661051250AA193000849F3 /* BreedsListResponse.swift */,
			);
			path = Model;
			sourceTree = "<group>";
		};
/* End PBXGroup section */

/* Begin PBXNativeTarget section */
		3866101325092F0A000849F3 /* Randog */ = {
			isa = PBXNativeTarget;
			buildConfigurationList = 3866104125092F0D000849F3 /* Build configuration list for PBXNativeTarget "Randog" */;
			buildPhases = (
				3866101025092F0A000849F3 /* Sources */,
				3866101125092F0A000849F3 /* Frameworks */,
				3866101225092F0A000849F3 /* Resources */,
			);
			buildRules = (
			);
			dependencies = (
			);
			name = Randog;
			productName = Randog;
			productReference = 3866101425092F0B000849F3 /* Randog.app */;
			productType = "com.apple.product-type.application";
		};
		3866102C25092F0D000849F3 /* RandogTests */ = {
			isa = PBXNativeTarget;
			buildConfigurationList = 3866104425092F0D000849F3 /* Build configuration list for PBXNativeTarget "RandogTests" */;
			buildPhases = (
				3866102925092F0D000849F3 /* Sources */,
				3866102A25092F0D000849F3 /* Frameworks */,
				3866102B25092F0D000849F3 /* Resources */,
			);
			buildRules = (
			);
			dependencies = (
				3866102F25092F0D000849F3 /* PBXTargetDependency */,
			);
			name = RandogTests;
			productName = RandogTests;
			productReference = 3866102D25092F0D000849F3 /* RandogTests.xctest */;
			productType = "com.apple.product-type.bundle.unit-test";
		};
		3866103725092F0D000849F3 /* RandogUITests */ = {
			isa = PBXNativeTarget;
			buildConfigurationList = 3866104725092F0D000849F3 /* Build configuration list for PBXNativeTarget "RandogUITests" */;
			buildPhases = (
				3866103425092F0D000849F3 /* Sources */,
				3866103525092F0D000849F3 /* Frameworks */,
				3866103625092F0D000849F3 /* Resources */,
			);
			buildRules = (
			);
			dependencies = (
				3866103A25092F0D000849F3 /* PBXTargetDependency */,
			);
			name = RandogUITests;
			productName = RandogUITests;
			productReference = 3866103825092F0D000849F3 /* RandogUITests.xctest */;
			productType = "com.apple.product-type.bundle.ui-testing";
		};
/* End PBXNativeTarget section */

/* Begin PBXProject section */
		3866100C25092F0A000849F3 /* Project object */ = {
			isa = PBXProject;
			attributes = {
				LastSwiftUpdateCheck = 1160;
				LastUpgradeCheck = 1160;
				ORGANIZATIONNAME = "Binyamin Alfassi";
				TargetAttributes = {
					3866101325092F0A000849F3 = {
						CreatedOnToolsVersion = 11.6;
					};
					3866102C25092F0D000849F3 = {
						CreatedOnToolsVersion = 11.6;
						TestTargetID = 3866101325092F0A000849F3;
					};
					3866103725092F0D000849F3 = {
						CreatedOnToolsVersion = 11.6;
						TestTargetID = 3866101325092F0A000849F3;
					};
				};
			};
			buildConfigurationList = 3866100F25092F0A000849F3 /* Build configuration list for PBXProject "Randog" */;
			compatibilityVersion = "Xcode 11.4";
			developmentRegion = en;
			hasScannedForEncodings = 0;
			knownRegions = (
				en,
				Base,
			);
			mainGroup = 3866100B25092F0A000849F3;
			productRefGroup = 3866101525092F0B000849F3 /* Products */;
			projectDirPath = "";
			projectRoot = "";
			targets = (
				3866101325092F0A000849F3 /* Randog */,
				3866102C25092F0D000849F3 /* RandogTests */,
				3866103725092F0D000849F3 /* RandogUITests */,
			);
		};
/* End PBXProject section */

/* Begin PBXResourcesBuildPhase section */
		3866101225092F0A000849F3 /* Resources */ = {
			isa = PBXResourcesBuildPhase;
			buildActionMask = 2147483647;
			files = (
				3866102725092F0D000849F3 /* LaunchScreen.storyboard in Resources */,
				3866102425092F0D000849F3 /* Assets.xcassets in Resources */,
				3866101F25092F0B000849F3 /* Main.storyboard in Resources */,
			);
			runOnlyForDeploymentPostprocessing = 0;
		};
		3866102B25092F0D000849F3 /* Resources */ = {
			isa = PBXResourcesBuildPhase;
			buildActionMask = 2147483647;
			files = (
			);
			runOnlyForDeploymentPostprocessing = 0;
		};
		3866103625092F0D000849F3 /* Resources */ = {
			isa = PBXResourcesBuildPhase;
			buildActionMask = 2147483647;
			files = (
			);
			runOnlyForDeploymentPostprocessing = 0;
		};
/* End PBXResourcesBuildPhase section */

/* Begin PBXSourcesBuildPhase section */
		3866101025092F0A000849F3 /* Sources */ = {
			isa = PBXSourcesBuildPhase;
			buildActionMask = 2147483647;
			files = (
				3866104E25093008000849F3 /* DogAPI.swift in Sources */,
				3866101C25092F0B000849F3 /* ViewController.swift in Sources */,
				3866101825092F0B000849F3 /* AppDelegate.swift in Sources */,
				3866102225092F0B000849F3 /* Randog.xcdatamodeld in Sources */,
				3866105025095CD9000849F3 /* DogImage.swift in Sources */,
				38661052250AA193000849F3 /* BreedsListResponse.swift in Sources */,
				3866101A25092F0B000849F3 /* SceneDelegate.swift in Sources */,
			);
			runOnlyForDeploymentPostprocessing = 0;
		};
		3866102925092F0D000849F3 /* Sources */ = {
			isa = PBXSourcesBuildPhase;
			buildActionMask = 2147483647;
			files = (
				3866103225092F0D000849F3 /* RandogTests.swift in Sources */,
			);
			runOnlyForDeploymentPostprocessing = 0;
		};
		3866103425092F0D000849F3 /* Sources */ = {
			isa = PBXSourcesBuildPhase;
			buildActionMask = 2147483647;
			files = (
				3866103D25092F0D000849F3 /* RandogUITests.swift in Sources */,
			);
			runOnlyForDeploymentPostprocessing = 0;
		};
/* End PBXSourcesBuildPhase section */

/* Begin PBXTargetDependency section */
		3866102F25092F0D000849F3 /* PBXTargetDependency */ = {
			isa = PBXTargetDependency;
			target = 3866101325092F0A000849F3 /* Randog */;
			targetProxy = 3866102E25092F0D000849F3 /* PBXContainerItemProxy */;
		};
		3866103A25092F0D000849F3 /* PBXTargetDependency */ = {
			isa = PBXTargetDependency;
			target = 3866101325092F0A000849F3 /* Randog */;
			targetProxy = 3866103925092F0D000849F3 /* PBXContainerItemProxy */;
		};
/* End PBXTargetDependency section */

/* Begin PBXVariantGroup section */
		3866101D25092F0B000849F3 /* Main.storyboard */ = {
			isa = PBXVariantGroup;
			children = (
				3866101E25092F0B000849F3 /* Base */,
			);
			name = Main.storyboard;
			sourceTree = "<group>";
		};
		3866102525092F0D000849F3 /* LaunchScreen.storyboard */ = {
			isa = PBXVariantGroup;
			children = (
				3866102625092F0D000849F3 /* Base */,
			);
			name = LaunchScreen.storyboard;
			sourceTree = "<group>";
		};
/* End PBXVariantGroup section */

/* Begin XCBuildConfiguration section */
		3866103F25092F0D000849F3 /* Debug */ = {
			isa = XCBuildConfiguration;
			buildSettings = {
				ALWAYS_SEARCH_USER_PATHS = NO;
				CLANG_ANALYZER_NONNULL = YES;
				CLANG_ANALYZER_NUMBER_OBJECT_CONVERSION = YES_AGGRESSIVE;
				CLANG_CXX_LANGUAGE_STANDARD = "gnu++14";
				CLANG_CXX_LIBRARY = "libc++";
				CLANG_ENABLE_MODULES = YES;
				CLANG_ENABLE_OBJC_ARC = YES;
				CLANG_ENABLE_OBJC_WEAK = YES;
				CLANG_WARN_BLOCK_CAPTURE_AUTORELEASING = YES;
				CLANG_WARN_BOOL_CONVERSION = YES;
				CLANG_WARN_COMMA = YES;
				CLANG_WARN_CONSTANT_CONVERSION = YES;
				CLANG_WARN_DEPRECATED_OBJC_IMPLEMENTATIONS = YES;
				CLANG_WARN_DIRECT_OBJC_ISA_USAGE = YES_ERROR;
				CLANG_WARN_DOCUMENTATION_COMMENTS = YES;
				CLANG_WARN_EMPTY_BODY = YES;
				CLANG_WARN_ENUM_CONVERSION = YES;
				CLANG_WARN_INFINITE_RECURSION = YES;
				CLANG_WARN_INT_CONVERSION = YES;
				CLANG_WARN_NON_LITERAL_NULL_CONVERSION = YES;
				CLANG_WARN_OBJC_IMPLICIT_RETAIN_SELF = YES;
				CLANG_WARN_OBJC_LITERAL_CONVERSION = YES;
				CLANG_WARN_OBJC_ROOT_CLASS = YES_ERROR;
				CLANG_WARN_RANGE_LOOP_ANALYSIS = YES;
				CLANG_WARN_STRICT_PROTOTYPES = YES;
				CLANG_WARN_SUSPICIOUS_MOVE = YES;
				CLANG_WARN_UNGUARDED_AVAILABILITY = YES_AGGRESSIVE;
				CLANG_WARN_UNREACHABLE_CODE = YES;
				CLANG_WARN__DUPLICATE_METHOD_MATCH = YES;
				COPY_PHASE_STRIP = NO;
				DEBUG_INFORMATION_FORMAT = dwarf;
				ENABLE_STRICT_OBJC_MSGSEND = YES;
				ENABLE_TESTABILITY = YES;
				GCC_C_LANGUAGE_STANDARD = gnu11;
				GCC_DYNAMIC_NO_PIC = NO;
				GCC_NO_COMMON_BLOCKS = YES;
				GCC_OPTIMIZATION_LEVEL = 0;
				GCC_PREPROCESSOR_DEFINITIONS = (
					"DEBUG=1",
					"$(inherited)",
				);
				GCC_WARN_64_TO_32_BIT_CONVERSION = YES;
				GCC_WARN_ABOUT_RETURN_TYPE = YES_ERROR;
				GCC_WARN_UNDECLARED_SELECTOR = YES;
				GCC_WARN_UNINITIALIZED_AUTOS = YES_AGGRESSIVE;
				GCC_WARN_UNUSED_FUNCTION = YES;
				GCC_WARN_UNUSED_VARIABLE = YES;
				IPHONEOS_DEPLOYMENT_TARGET = 13.6;
				MTL_ENABLE_DEBUG_INFO = INCLUDE_SOURCE;
				MTL_FAST_MATH = YES;
				ONLY_ACTIVE_ARCH = YES;
				SDKROOT = iphoneos;
				SWIFT_ACTIVE_COMPILATION_CONDITIONS = DEBUG;
				SWIFT_OPTIMIZATION_LEVEL = "-Onone";
			};
			name = Debug;
		};
		3866104025092F0D000849F3 /* Release */ = {
			isa = XCBuildConfiguration;
			buildSettings = {
				ALWAYS_SEARCH_USER_PATHS = NO;
				CLANG_ANALYZER_NONNULL = YES;
				CLANG_ANALYZER_NUMBER_OBJECT_CONVERSION = YES_AGGRESSIVE;
				CLANG_CXX_LANGUAGE_STANDARD = "gnu++14";
				CLANG_CXX_LIBRARY = "libc++";
				CLANG_ENABLE_MODULES = YES;
				CLANG_ENABLE_OBJC_ARC = YES;
				CLANG_ENABLE_OBJC_WEAK = YES;
				CLANG_WARN_BLOCK_CAPTURE_AUTORELEASING = YES;
				CLANG_WARN_BOOL_CONVERSION = YES;
				CLANG_WARN_COMMA = YES;
				CLANG_WARN_CONSTANT_CONVERSION = YES;
				CLANG_WARN_DEPRECATED_OBJC_IMPLEMENTATIONS = YES;
				CLANG_WARN_DIRECT_OBJC_ISA_USAGE = YES_ERROR;
				CLANG_WARN_DOCUMENTATION_COMMENTS = YES;
				CLANG_WARN_EMPTY_BODY = YES;
				CLANG_WARN_ENUM_CONVERSION = YES;
				CLANG_WARN_INFINITE_RECURSION = YES;
				CLANG_WARN_INT_CONVERSION = YES;
				CLANG_WARN_NON_LITERAL_NULL_CONVERSION = YES;
				CLANG_WARN_OBJC_IMPLICIT_RETAIN_SELF = YES;
				CLANG_WARN_OBJC_LITERAL_CONVERSION = YES;
				CLANG_WARN_OBJC_ROOT_CLASS = YES_ERROR;
				CLANG_WARN_RANGE_LOOP_ANALYSIS = YES;
				CLANG_WARN_STRICT_PROTOTYPES = YES;
				CLANG_WARN_SUSPICIOUS_MOVE = YES;
				CLANG_WARN_UNGUARDED_AVAILABILITY = YES_AGGRESSIVE;
				CLANG_WARN_UNREACHABLE_CODE = YES;
				CLANG_WARN__DUPLICATE_METHOD_MATCH = YES;
				COPY_PHASE_STRIP = NO;
				DEBUG_INFORMATION_FORMAT = "dwarf-with-dsym";
				ENABLE_NS_ASSERTIONS = NO;
				ENABLE_STRICT_OBJC_MSGSEND = YES;
				GCC_C_LANGUAGE_STANDARD = gnu11;
				GCC_NO_COMMON_BLOCKS = YES;
				GCC_WARN_64_TO_32_BIT_CONVERSION = YES;
				GCC_WARN_ABOUT_RETURN_TYPE = YES_ERROR;
				GCC_WARN_UNDECLARED_SELECTOR = YES;
				GCC_WARN_UNINITIALIZED_AUTOS = YES_AGGRESSIVE;
				GCC_WARN_UNUSED_FUNCTION = YES;
				GCC_WARN_UNUSED_VARIABLE = YES;
				IPHONEOS_DEPLOYMENT_TARGET = 13.6;
				MTL_ENABLE_DEBUG_INFO = NO;
				MTL_FAST_MATH = YES;
				SDKROOT = iphoneos;
				SWIFT_COMPILATION_MODE = wholemodule;
				SWIFT_OPTIMIZATION_LEVEL = "-O";
				VALIDATE_PRODUCT = YES;
			};
			name = Release;
		};
		3866104225092F0D000849F3 /* Debug */ = {
			isa = XCBuildConfiguration;
			buildSettings = {
				ASSETCATALOG_COMPILER_APPICON_NAME = AppIcon;
				CODE_SIGN_STYLE = Automatic;
				DEVELOPMENT_TEAM = CAVSZBFL4Q;
				INFOPLIST_FILE = Randog/Info.plist;
				IPHONEOS_DEPLOYMENT_TARGET = 13.6;
				LD_RUNPATH_SEARCH_PATHS = (
					"$(inherited)",
					"@executable_path/Frameworks",
				);
				PRODUCT_BUNDLE_IDENTIFIER = kipodx.Randog;
				PRODUCT_NAME = "$(TARGET_NAME)";
				SWIFT_VERSION = 5.0;
				TARGETED_DEVICE_FAMILY = "1,2";
			};
			name = Debug;
		};
		3866104325092F0D000849F3 /* Release */ = {
			isa = XCBuildConfiguration;
			buildSettings = {
				ASSETCATALOG_COMPILER_APPICON_NAME = AppIcon;
				CODE_SIGN_STYLE = Automatic;
				DEVELOPMENT_TEAM = CAVSZBFL4Q;
				INFOPLIST_FILE = Randog/Info.plist;
				IPHONEOS_DEPLOYMENT_TARGET = 13.6;
				LD_RUNPATH_SEARCH_PATHS = (
					"$(inherited)",
					"@executable_path/Frameworks",
				);
				PRODUCT_BUNDLE_IDENTIFIER = kipodx.Randog;
				PRODUCT_NAME = "$(TARGET_NAME)";
				SWIFT_VERSION = 5.0;
				TARGETED_DEVICE_FAMILY = "1,2";
			};
			name = Release;
		};
		3866104525092F0D000849F3 /* Debug */ = {
			isa = XCBuildConfiguration;
			buildSettings = {
				ALWAYS_EMBED_SWIFT_STANDARD_LIBRARIES = YES;
				BUNDLE_LOADER = "$(TEST_HOST)";
				CODE_SIGN_STYLE = Automatic;
				DEVELOPMENT_TEAM = CAVSZBFL4Q;
				INFOPLIST_FILE = RandogTests/Info.plist;
				IPHONEOS_DEPLOYMENT_TARGET = 13.6;
				LD_RUNPATH_SEARCH_PATHS = (
					"$(inherited)",
					"@executable_path/Frameworks",
					"@loader_path/Frameworks",
				);
				PRODUCT_BUNDLE_IDENTIFIER = kipodx.RandogTests;
				PRODUCT_NAME = "$(TARGET_NAME)";
				SWIFT_VERSION = 5.0;
				TARGETED_DEVICE_FAMILY = "1,2";
				TEST_HOST = "$(BUILT_PRODUCTS_DIR)/Randog.app/Randog";
			};
			name = Debug;
		};
		3866104625092F0D000849F3 /* Release */ = {
			isa = XCBuildConfiguration;
			buildSettings = {
				ALWAYS_EMBED_SWIFT_STANDARD_LIBRARIES = YES;
				BUNDLE_LOADER = "$(TEST_HOST)";
				CODE_SIGN_STYLE = Automatic;
				DEVELOPMENT_TEAM = CAVSZBFL4Q;
				INFOPLIST_FILE = RandogTests/Info.plist;
				IPHONEOS_DEPLOYMENT_TARGET = 13.6;
				LD_RUNPATH_SEARCH_PATHS = (
					"$(inherited)",
					"@executable_path/Frameworks",
					"@loader_path/Frameworks",
				);
				PRODUCT_BUNDLE_IDENTIFIER = kipodx.RandogTests;
				PRODUCT_NAME = "$(TARGET_NAME)";
				SWIFT_VERSION = 5.0;
				TARGETED_DEVICE_FAMILY = "1,2";
				TEST_HOST = "$(BUILT_PRODUCTS_DIR)/Randog.app/Randog";
			};
			name = Release;
		};
		3866104825092F0D000849F3 /* Debug */ = {
			isa = XCBuildConfiguration;
			buildSettings = {
				ALWAYS_EMBED_SWIFT_STANDARD_LIBRARIES = YES;
				CODE_SIGN_STYLE = Automatic;
				DEVELOPMENT_TEAM = CAVSZBFL4Q;
				INFOPLIST_FILE = RandogUITests/Info.plist;
				LD_RUNPATH_SEARCH_PATHS = (
					"$(inherited)",
					"@executable_path/Frameworks",
					"@loader_path/Frameworks",
				);
				PRODUCT_BUNDLE_IDENTIFIER = kipodx.RandogUITests;
				PRODUCT_NAME = "$(TARGET_NAME)";
				SWIFT_VERSION = 5.0;
				TARGETED_DEVICE_FAMILY = "1,2";
				TEST_TARGET_NAME = Randog;
			};
			name = Debug;
		};
		3866104925092F0D000849F3 /* Release */ = {
			isa = XCBuildConfiguration;
			buildSettings = {
				ALWAYS_EMBED_SWIFT_STANDARD_LIBRARIES = YES;
				CODE_SIGN_STYLE = Automatic;
				DEVELOPMENT_TEAM = CAVSZBFL4Q;
				INFOPLIST_FILE = RandogUITests/Info.plist;
				LD_RUNPATH_SEARCH_PATHS = (
					"$(inherited)",
					"@executable_path/Frameworks",
					"@loader_path/Frameworks",
				);
				PRODUCT_BUNDLE_IDENTIFIER = kipodx.RandogUITests;
				PRODUCT_NAME = "$(TARGET_NAME)";
				SWIFT_VERSION = 5.0;
				TARGETED_DEVICE_FAMILY = "1,2";
				TEST_TARGET_NAME = Randog;
			};
			name = Release;
		};
/* End XCBuildConfiguration section */

/* Begin XCConfigurationList section */
		3866100F25092F0A000849F3 /* Build configuration list for PBXProject "Randog" */ = {
			isa = XCConfigurationList;
			buildConfigurations = (
				3866103F25092F0D000849F3 /* Debug */,
				3866104025092F0D000849F3 /* Release */,
			);
			defaultConfigurationIsVisible = 0;
			defaultConfigurationName = Release;
		};
		3866104125092F0D000849F3 /* Build configuration list for PBXNativeTarget "Randog" */ = {
			isa = XCConfigurationList;
			buildConfigurations = (
				3866104225092F0D000849F3 /* Debug */,
				3866104325092F0D000849F3 /* Release */,
			);
			defaultConfigurationIsVisible = 0;
			defaultConfigurationName = Release;
		};
		3866104425092F0D000849F3 /* Build configuration list for PBXNativeTarget "RandogTests" */ = {
			isa = XCConfigurationList;
			buildConfigurations = (
				3866104525092F0D000849F3 /* Debug */,
				3866104625092F0D000849F3 /* Release */,
			);
			defaultConfigurationIsVisible = 0;
			defaultConfigurationName = Release;
		};
		3866104725092F0D000849F3 /* Build configuration list for PBXNativeTarget "RandogUITests" */ = {
			isa = XCConfigurationList;
			buildConfigurations = (
				3866104825092F0D000849F3 /* Debug */,
				3866104925092F0D000849F3 /* Release */,
			);
			defaultConfigurationIsVisible = 0;
			defaultConfigurationName = Release;
		};
/* End XCConfigurationList section */

/* Begin XCVersionGroup section */
		3866102025092F0B000849F3 /* Randog.xcdatamodeld */ = {
			isa = XCVersionGroup;
			children = (
				3866102125092F0B000849F3 /* Randog.xcdatamodel */,
			);
			currentVersion = 3866102125092F0B000849F3 /* Randog.xcdatamodel */;
			path = Randog.xcdatamodeld;
			sourceTree = "<group>";
			versionGroupType = wrapper.xcdatamodel;
		};
/* End XCVersionGroup section */
	};
	rootObject = 3866100C25092F0A000849F3 /* Project object */;
}
